
Microsoft Visual Studio Solution File, Format Version 12.00
# Visual Studio Version 16
VisualStudioVersion = 16.0.31019.35
MinimumVisualStudioVersion = 10.0.40219.1
Project("{FAE04EC0-301F-11D3-BF4B-00C04F79EFBC}") = "Technical-Task-Enozom", "Technical-Task-Enozom.csproj", "{E8228F53-87CB-416D-9E1A-796F81D55BED}"
EndProject
Global
	GlobalSection(SolutionConfigurationPlatforms) = preSolution
		Debug|Any CPU = Debug|Any CPU
		Release|Any CPU = Release|Any CPU
	EndGlobalSection
	GlobalSection(ProjectConfigurationPlatforms) = postSolution
		{E8228F53-87CB-416D-9E1A-796F81D55BED}.Debug|Any CPU.ActiveCfg = Debug|Any CPU
		{E8228F53-87CB-416D-9E1A-796F81D55BED}.Debug|Any CPU.Build.0 = Debug|Any CPU
		{E8228F53-87CB-416D-9E1A-796F81D55BED}.Release|Any CPU.ActiveCfg = Release|Any CPU
		{E8228F53-87CB-416D-9E1A-796F81D55BED}.Release|Any CPU.Build.0 = Release|Any CPU
	EndGlobalSection
	GlobalSection(SolutionProperties) = preSolution
		HideSolutionNode = FALSE
	EndGlobalSection
	GlobalSection(ExtensibilityGlobals) = postSolution
		SolutionGuid = {3C145C54-9276-43B3-9330-BD96C2AFB072}
	EndGlobalSection
EndGlobal
